
Microsoft Visual Studio Solution File, Format Version 12.00
# Visual Studio Version 16
VisualStudioVersion = 16.0.30717.126
MinimumVisualStudioVersion = 10.0.40219.1
Project("{FAE04EC0-301F-11D3-BF4B-00C04F79EFBC}") = "CompoundIntrest", "CompoundIntrest\CompoundIntrest.csproj", "{9AF587D3-7329-4D54-8D2C-65D646D7CDEE}"
EndProject
Global
	GlobalSection(SolutionConfigurationPlatforms) = preSolution
		Debug|Any CPU = Debug|Any CPU
		Release|Any CPU = Release|Any CPU
	EndGlobalSection
	GlobalSection(ProjectConfigurationPlatforms) = postSolution
		{9AF587D3-7329-4D54-8D2C-65D646D7CDEE}.Debug|Any CPU.ActiveCfg = Debug|Any CPU
		{9AF587D3-7329-4D54-8D2C-65D646D7CDEE}.Debug|Any CPU.Build.0 = Debug|Any CPU
		{9AF587D3-7329-4D54-8D2C-65D646D7CDEE}.Release|Any CPU.ActiveCfg = Release|Any CPU
		{9AF587D3-7329-4D54-8D2C-65D646D7CDEE}.Release|Any CPU.Build.0 = Release|Any CPU
	EndGlobalSection
	GlobalSection(SolutionProperties) = preSolution
		HideSolutionNode = FALSE
	EndGlobalSection
	GlobalSection(ExtensibilityGlobals) = postSolution
		SolutionGuid = {DAAFB927-294F-46BD-B412-A143996BCAE0}
	EndGlobalSection
EndGlobal
